# This file is autogenerated, do not edit; changes may be undone by the next 'dep ensure'.


[[projects]]
  name = "github.com/dave/jennifer"
  packages = ["jen"]
  revision = "d8bdbdbee4e1224e983387908bd8ef2440c2aefc"
  version = "0.15.0"

[solve-meta]
  analyzer-name = "dep"
  analyzer-version = 1
  inputs-digest = "32690e4a4a75b2a86e4dbfa267d82a5ee7057563047edead8c906698c2af8600"
  solver-name = "gps-cdcl"
  solver-version = 1
